
Microsoft Visual Studio Solution File, Format Version 12.00
# Visual Studio 2013
VisualStudioVersion = 12.0.30110.0
MinimumVisualStudioVersion = 10.0.40219.1
Project("{FAE04EC0-301F-11D3-BF4B-00C04F79EFBC}") = "TestValidator51", "TestValidator51\TestValidator51.csproj", "{B485F2E4-95AD-4EA4-8B79-897E89383426}"
EndProject
Project("{FAE04EC0-301F-11D3-BF4B-00C04F79EFBC}") = "TestValidator52", "TestValidator52\TestValidator52.csproj", "{5093F494-CB55-4272-9F22-D1EA0A124AD1}"
EndProject
Global
	GlobalSection(SolutionConfigurationPlatforms) = preSolution
		Debug|Any CPU = Debug|Any CPU
		Release|Any CPU = Release|Any CPU
	EndGlobalSection
	GlobalSection(ProjectConfigurationPlatforms) = postSolution
		{B485F2E4-95AD-4EA4-8B79-897E89383426}.Debug|Any CPU.ActiveCfg = Debug|Any CPU
		{B485F2E4-95AD-4EA4-8B79-897E89383426}.Debug|Any CPU.Build.0 = Debug|Any CPU
		{B485F2E4-95AD-4EA4-8B79-897E89383426}.Release|Any CPU.ActiveCfg = Release|Any CPU
		{B485F2E4-95AD-4EA4-8B79-897E89383426}.Release|Any CPU.Build.0 = Release|Any CPU
		{5093F494-CB55-4272-9F22-D1EA0A124AD1}.Debug|Any CPU.ActiveCfg = Debug|Any CPU
		{5093F494-CB55-4272-9F22-D1EA0A124AD1}.Debug|Any CPU.Build.0 = Debug|Any CPU
		{5093F494-CB55-4272-9F22-D1EA0A124AD1}.Release|Any CPU.ActiveCfg = Release|Any CPU
		{5093F494-CB55-4272-9F22-D1EA0A124AD1}.Release|Any CPU.Build.0 = Release|Any CPU
	EndGlobalSection
	GlobalSection(SolutionProperties) = preSolution
		HideSolutionNode = FALSE
	EndGlobalSection
EndGlobal
